
Microsoft Visual Studio Solution File, Format Version 12.00
# Visual Studio Version 17
VisualStudioVersion = 17.9.34616.47
MinimumVisualStudioVersion = 10.0.40219.1
Project("{FAE04EC0-301F-11D3-BF4B-00C04F79EFBC}") = "jurnalmodul8_1302223044", "jurnalmodul8_1302223044\jurnalmodul8_1302223044.csproj", "{3FD6ED0B-4B51-4462-AFF3-F4850858F49D}"
EndProject
Global
	GlobalSection(SolutionConfigurationPlatforms) = preSolution
		Debug|Any CPU = Debug|Any CPU
		Release|Any CPU = Release|Any CPU
	EndGlobalSection
	GlobalSection(ProjectConfigurationPlatforms) = postSolution
		{3FD6ED0B-4B51-4462-AFF3-F4850858F49D}.Debug|Any CPU.ActiveCfg = Debug|Any CPU
		{3FD6ED0B-4B51-4462-AFF3-F4850858F49D}.Debug|Any CPU.Build.0 = Debug|Any CPU
		{3FD6ED0B-4B51-4462-AFF3-F4850858F49D}.Release|Any CPU.ActiveCfg = Release|Any CPU
		{3FD6ED0B-4B51-4462-AFF3-F4850858F49D}.Release|Any CPU.Build.0 = Release|Any CPU
	EndGlobalSection
	GlobalSection(SolutionProperties) = preSolution
		HideSolutionNode = FALSE
	EndGlobalSection
	GlobalSection(ExtensibilityGlobals) = postSolution
		SolutionGuid = {EB345948-9CEB-4C4B-B92F-CB98348159CE}
	EndGlobalSection
EndGlobal
